// !$*UTF8*$!
{
	archiveVersion = 1;
	classes = {
	};
	objectVersion = 51;
	objects = {

/* Begin PBXBuildFile section */
		2209086A2453C0F200FD504A /* StartScreenViewController.swift in Sources */ = {isa = PBXBuildFile; fileRef = 220908692453C0F200FD504A /* StartScreenViewController.swift */; };
		220AA6982435A60900833D24 /* PicturesCollectionViewController.swift in Sources */ = {isa = PBXBuildFile; fileRef = 220AA6972435A60900833D24 /* PicturesCollectionViewController.swift */; };
		220AA69A2435A65E00833D24 /* PicturesCollectionViewCell.swift in Sources */ = {isa = PBXBuildFile; fileRef = 220AA6992435A65E00833D24 /* PicturesCollectionViewCell.swift */; };
		220AC338242C0574009FE461 /* RecentChatTableViewCell.swift in Sources */ = {isa = PBXBuildFile; fileRef = 220AC337242C0574009FE461 /* RecentChatTableViewCell.swift */; };
		220B6665243446D200081647 /* VideoMessage.swift in Sources */ = {isa = PBXBuildFile; fileRef = 220B6664243446D200081647 /* VideoMessage.swift */; };
		220B98C62433E89400E6BD3B /* Camera.swift in Sources */ = {isa = PBXBuildFile; fileRef = 220B98C52433E89400E6BD3B /* Camera.swift */; };
		220B98C82433EE4200E6BD3B /* Download.swift in Sources */ = {isa = PBXBuildFile; fileRef = 220B98C72433EE4200E6BD3B /* Download.swift */; };
		220B98CA24340A5F00E6BD3B /* PhotoMediaItem.swift in Sources */ = {isa = PBXBuildFile; fileRef = 220B98C924340A5F00E6BD3B /* PhotoMediaItem.swift */; };
		220CCD572450C399000A35AA /* SetTableViewController.swift in Sources */ = {isa = PBXBuildFile; fileRef = 220CCD562450C399000A35AA /* SetTableViewController.swift */; };
		220CCD592450E4AD000A35AA /* BlockedUsersViewController.swift in Sources */ = {isa = PBXBuildFile; fileRef = 220CCD582450E4AD000A35AA /* BlockedUsersViewController.swift */; };
		220CCD5D2450F1BC000A35AA /* BackgroundCollectionViewCell.swift in Sources */ = {isa = PBXBuildFile; fileRef = 220CCD5C2450F1BC000A35AA /* BackgroundCollectionViewCell.swift */; };
		220CCD5F245101EB000A35AA /* T&CViewController.swift in Sources */ = {isa = PBXBuildFile; fileRef = 220CCD5E245101EB000A35AA /* T&CViewController.swift */; };
		220CCD6124510452000A35AA /* EditProfileTableViewController.swift in Sources */ = {isa = PBXBuildFile; fileRef = 220CCD6024510452000A35AA /* EditProfileTableViewController.swift */; };
		220DB7D9242DAE7C006FBAD1 /* MessageViewController.swift in Sources */ = {isa = PBXBuildFile; fileRef = 220DB7D8242DAE7C006FBAD1 /* MessageViewController.swift */; };
		220E9DAC243EAE6C0085D25C /* TranslationManager.swift in Sources */ = {isa = PBXBuildFile; fileRef = 220E9DAB243EAE6C0085D25C /* TranslationManager.swift */; };
		220E9DB0243EAECD0085D25C /* TranslationApi.swift in Sources */ = {isa = PBXBuildFile; fileRef = 220E9DAF243EAECD0085D25C /* TranslationApi.swift */; };
		220FAABD24523515000C8D78 /* ContactsTableViewController.swift in Sources */ = {isa = PBXBuildFile; fileRef = 220FAABC24523515000C8D78 /* ContactsTableViewController.swift */; };
		220FAABF24524965000C8D78 /* ImagePicker.framework in Frameworks */ = {isa = PBXBuildFile; fileRef = 220FAABE24524965000C8D78 /* ImagePicker.framework */; };
		220FDBC8242B023D00D5B33D /* ContactsTableViewCell.swift in Sources */ = {isa = PBXBuildFile; fileRef = 220FDBC7242B023D00D5B33D /* ContactsTableViewCell.swift */; };
		22166D252431B707007BA45E /* OutgoingMessages.swift in Sources */ = {isa = PBXBuildFile; fileRef = 22166D242431B707007BA45E /* OutgoingMessages.swift */; };
		22166D272431DBA1007BA45E /* IncomingMessages.swift in Sources */ = {isa = PBXBuildFile; fileRef = 22166D262431DBA1007BA45E /* IncomingMessages.swift */; };
		221E066823ED4F61001A9F67 /* FUser.swift in Sources */ = {isa = PBXBuildFile; fileRef = 221E066723ED4F61001A9F67 /* FUser.swift */; };
		221E066A23ED4FAF001A9F67 /* Constants.swift in Sources */ = {isa = PBXBuildFile; fileRef = 221E066923ED4FAF001A9F67 /* Constants.swift */; };
		221E066C23ED5349001A9F67 /* CollectionReference.swift in Sources */ = {isa = PBXBuildFile; fileRef = 221E066B23ED5348001A9F67 /* CollectionReference.swift */; };
		221E066E23ED5416001A9F67 /* HelperFunctions.swift in Sources */ = {isa = PBXBuildFile; fileRef = 221E066D23ED5416001A9F67 /* HelperFunctions.swift */; };
		221E067123ED5A97001A9F67 /* RegisterViewController.swift in Sources */ = {isa = PBXBuildFile; fileRef = 221E067023ED5A97001A9F67 /* RegisterViewController.swift */; };
		224E855D2427007C001FF692 /* ProfileViewTableViewController.swift in Sources */ = {isa = PBXBuildFile; fileRef = 224E855C2427007C001FF692 /* ProfileViewTableViewController.swift */; };
		225D8D6B23ED4494007E0273 /* AppDelegate.swift in Sources */ = {isa = PBXBuildFile; fileRef = 225D8D6A23ED4494007E0273 /* AppDelegate.swift */; };
		225D8D6D23ED4494007E0273 /* SceneDelegate.swift in Sources */ = {isa = PBXBuildFile; fileRef = 225D8D6C23ED4494007E0273 /* SceneDelegate.swift */; };
		225D8D7223ED4494007E0273 /* Main.storyboard in Resources */ = {isa = PBXBuildFile; fileRef = 225D8D7023ED4494007E0273 /* Main.storyboard */; };
		225D8D7423ED4495007E0273 /* Assets.xcassets in Resources */ = {isa = PBXBuildFile; fileRef = 225D8D7323ED4495007E0273 /* Assets.xcassets */; };
		225D8D7723ED4495007E0273 /* LaunchScreen.storyboard in Resources */ = {isa = PBXBuildFile; fileRef = 225D8D7523ED4495007E0273 /* LaunchScreen.storyboard */; };
		225D8D7F23ED4584007E0273 /* WelcomeViewController.swift in Sources */ = {isa = PBXBuildFile; fileRef = 225D8D7E23ED4584007E0273 /* WelcomeViewController.swift */; };
		225FEA1424D09F90004C9DC5 /* GoogleService-Info.plist in Resources */ = {isa = PBXBuildFile; fileRef = 225FEA1324D09F90004C9DC5 /* GoogleService-Info.plist */; };
		2265A1912504B90C00E38714 /* Localizable.strings in Resources */ = {isa = PBXBuildFile; fileRef = 2265A1932504B90C00E38714 /* Localizable.strings */; };
		227B4C772412320500A0C235 /* ChatsViewController.swift in Sources */ = {isa = PBXBuildFile; fileRef = 227B4C762412320500A0C235 /* ChatsViewController.swift */; };
		229C8653242B0A8000088609 /* UsersTableViewController.swift in Sources */ = {isa = PBXBuildFile; fileRef = 229C8652242B0A8000088609 /* UsersTableViewController.swift */; };
		229C8658242B322400088609 /* Recent.swift in Sources */ = {isa = PBXBuildFile; fileRef = 229C8657242B322400088609 /* Recent.swift */; };
		7FD8D586BD220DC49719199C /* Pods_PenPals.framework in Frameworks */ = {isa = PBXBuildFile; fileRef = EC54522BD168A5A6AE1AE5D4 /* Pods_PenPals.framework */; };
/* End PBXBuildFile section */

/* Begin PBXFileReference section */
		220908692453C0F200FD504A /* StartScreenViewController.swift */ = {isa = PBXFileReference; lastKnownFileType = sourcecode.swift; path = StartScreenViewController.swift; sourceTree = "<group>"; };
		220AA6972435A60900833D24 /* PicturesCollectionViewController.swift */ = {isa = PBXFileReference; lastKnownFileType = sourcecode.swift; path = PicturesCollectionViewController.swift; sourceTree = "<group>"; };
		220AA6992435A65E00833D24 /* PicturesCollectionViewCell.swift */ = {isa = PBXFileReference; lastKnownFileType = sourcecode.swift; path = PicturesCollectionViewCell.swift; sourceTree = "<group>"; };
		220AC337242C0574009FE461 /* RecentChatTableViewCell.swift */ = {isa = PBXFileReference; lastKnownFileType = sourcecode.swift; path = RecentChatTableViewCell.swift; sourceTree = "<group>"; };
		220B6664243446D200081647 /* VideoMessage.swift */ = {isa = PBXFileReference; lastKnownFileType = sourcecode.swift; path = VideoMessage.swift; sourceTree = "<group>"; };
		220B98C52433E89400E6BD3B /* Camera.swift */ = {isa = PBXFileReference; lastKnownFileType = sourcecode.swift; path = Camera.swift; sourceTree = "<group>"; };
		220B98C72433EE4200E6BD3B /* Download.swift */ = {isa = PBXFileReference; lastKnownFileType = sourcecode.swift; path = Download.swift; sourceTree = "<group>"; };
		220B98C924340A5F00E6BD3B /* PhotoMediaItem.swift */ = {isa = PBXFileReference; lastKnownFileType = sourcecode.swift; path = PhotoMediaItem.swift; sourceTree = "<group>"; };
		220CCD562450C399000A35AA /* SetTableViewController.swift */ = {isa = PBXFileReference; lastKnownFileType = sourcecode.swift; path = SetTableViewController.swift; sourceTree = "<group>"; };
		220CCD582450E4AD000A35AA /* BlockedUsersViewController.swift */ = {isa = PBXFileReference; lastKnownFileType = sourcecode.swift; path = BlockedUsersViewController.swift; sourceTree = "<group>"; };
		220CCD5C2450F1BC000A35AA /* BackgroundCollectionViewCell.swift */ = {isa = PBXFileReference; lastKnownFileType = sourcecode.swift; path = BackgroundCollectionViewCell.swift; sourceTree = "<group>"; };
		220CCD5E245101EB000A35AA /* T&CViewController.swift */ = {isa = PBXFileReference; lastKnownFileType = sourcecode.swift; path = "T&CViewController.swift"; sourceTree = "<group>"; };
		220CCD6024510452000A35AA /* EditProfileTableViewController.swift */ = {isa = PBXFileReference; lastKnownFileType = sourcecode.swift; path = EditProfileTableViewController.swift; sourceTree = "<group>"; };
		220DB7D8242DAE7C006FBAD1 /* MessageViewController.swift */ = {isa = PBXFileReference; lastKnownFileType = sourcecode.swift; path = MessageViewController.swift; sourceTree = "<group>"; };
		220E9DAB243EAE6C0085D25C /* TranslationManager.swift */ = {isa = PBXFileReference; lastKnownFileType = sourcecode.swift; path = TranslationManager.swift; sourceTree = "<group>"; };
		220E9DAF243EAECD0085D25C /* TranslationApi.swift */ = {isa = PBXFileReference; lastKnownFileType = sourcecode.swift; path = TranslationApi.swift; sourceTree = "<group>"; };
		220FAABC24523515000C8D78 /* ContactsTableViewController.swift */ = {isa = PBXFileReference; lastKnownFileType = sourcecode.swift; path = ContactsTableViewController.swift; sourceTree = "<group>"; };
		220FAABE24524965000C8D78 /* ImagePicker.framework */ = {isa = PBXFileReference; explicitFileType = wrapper.framework; path = ImagePicker.framework; sourceTree = BUILT_PRODUCTS_DIR; };
		220FDBC7242B023D00D5B33D /* ContactsTableViewCell.swift */ = {isa = PBXFileReference; lastKnownFileType = sourcecode.swift; path = ContactsTableViewCell.swift; sourceTree = "<group>"; };
		22166D242431B707007BA45E /* OutgoingMessages.swift */ = {isa = PBXFileReference; lastKnownFileType = sourcecode.swift; path = OutgoingMessages.swift; sourceTree = "<group>"; };
		22166D262431DBA1007BA45E /* IncomingMessages.swift */ = {isa = PBXFileReference; lastKnownFileType = sourcecode.swift; path = IncomingMessages.swift; sourceTree = "<group>"; };
		221E066723ED4F61001A9F67 /* FUser.swift */ = {isa = PBXFileReference; lastKnownFileType = sourcecode.swift; path = FUser.swift; sourceTree = "<group>"; };
		221E066923ED4FAF001A9F67 /* Constants.swift */ = {isa = PBXFileReference; lastKnownFileType = sourcecode.swift; path = Constants.swift; sourceTree = "<group>"; };
		221E066B23ED5348001A9F67 /* CollectionReference.swift */ = {isa = PBXFileReference; lastKnownFileType = sourcecode.swift; path = CollectionReference.swift; sourceTree = "<group>"; };
		221E066D23ED5416001A9F67 /* HelperFunctions.swift */ = {isa = PBXFileReference; lastKnownFileType = sourcecode.swift; path = HelperFunctions.swift; sourceTree = "<group>"; };
		221E067023ED5A97001A9F67 /* RegisterViewController.swift */ = {isa = PBXFileReference; lastKnownFileType = sourcecode.swift; path = RegisterViewController.swift; sourceTree = "<group>"; };
		224E855C2427007C001FF692 /* ProfileViewTableViewController.swift */ = {isa = PBXFileReference; lastKnownFileType = sourcecode.swift; path = ProfileViewTableViewController.swift; sourceTree = "<group>"; };
		225D8D6723ED4494007E0273 /* Slate.app */ = {isa = PBXFileReference; explicitFileType = wrapper.application; includeInIndex = 0; path = Slate.app; sourceTree = BUILT_PRODUCTS_DIR; };
		225D8D6A23ED4494007E0273 /* AppDelegate.swift */ = {isa = PBXFileReference; lastKnownFileType = sourcecode.swift; path = AppDelegate.swift; sourceTree = "<group>"; };
		225D8D6C23ED4494007E0273 /* SceneDelegate.swift */ = {isa = PBXFileReference; lastKnownFileType = sourcecode.swift; path = SceneDelegate.swift; sourceTree = "<group>"; };
		225D8D7123ED4494007E0273 /* Base */ = {isa = PBXFileReference; lastKnownFileType = file.storyboard; name = Base; path = Base.lproj/Main.storyboard; sourceTree = "<group>"; };
		225D8D7323ED4495007E0273 /* Assets.xcassets */ = {isa = PBXFileReference; lastKnownFileType = folder.assetcatalog; path = Assets.xcassets; sourceTree = "<group>"; };
		225D8D7623ED4495007E0273 /* Base */ = {isa = PBXFileReference; lastKnownFileType = file.storyboard; name = Base; path = Base.lproj/LaunchScreen.storyboard; sourceTree = "<group>"; };
		225D8D7823ED4495007E0273 /* Info.plist */ = {isa = PBXFileReference; lastKnownFileType = text.plist.xml; path = Info.plist; sourceTree = "<group>"; };
		225D8D7E23ED4584007E0273 /* WelcomeViewController.swift */ = {isa = PBXFileReference; lastKnownFileType = sourcecode.swift; path = WelcomeViewController.swift; sourceTree = "<group>"; };
		225FEA1324D09F90004C9DC5 /* GoogleService-Info.plist */ = {isa = PBXFileReference; fileEncoding = 4; lastKnownFileType = text.plist.xml; name = "GoogleService-Info.plist"; path = "../../GoogleService-Info.plist"; sourceTree = "<group>"; };
		2265A1882504B47A00E38714 /* es */ = {isa = PBXFileReference; lastKnownFileType = text.plist.strings; name = es; path = es.lproj/Main.strings; sourceTree = "<group>"; };
		2265A1892504B47B00E38714 /* es */ = {isa = PBXFileReference; lastKnownFileType = text.plist.strings; name = es; path = es.lproj/LaunchScreen.strings; sourceTree = "<group>"; };
		2265A1922504B90C00E38714 /* es */ = {isa = PBXFileReference; lastKnownFileType = text.plist.strings; name = es; path = es.lproj/Localizable.strings; sourceTree = "<group>"; };
		2265A1942504B92900E38714 /* en */ = {isa = PBXFileReference; lastKnownFileType = text.plist.strings; name = en; path = en.lproj/Localizable.strings; sourceTree = "<group>"; };
		227B4C762412320500A0C235 /* ChatsViewController.swift */ = {isa = PBXFileReference; lastKnownFileType = sourcecode.swift; path = ChatsViewController.swift; sourceTree = "<group>"; };
		229C8652242B0A8000088609 /* UsersTableViewController.swift */ = {isa = PBXFileReference; lastKnownFileType = sourcecode.swift; path = UsersTableViewController.swift; sourceTree = "<group>"; };
		229C8657242B322400088609 /* Recent.swift */ = {isa = PBXFileReference; lastKnownFileType = sourcecode.swift; path = Recent.swift; sourceTree = "<group>"; };
		A5842AB9FD6BB234419926F5 /* Pods-PenPals.release.xcconfig */ = {isa = PBXFileReference; includeInIndex = 1; lastKnownFileType = text.xcconfig; name = "Pods-PenPals.release.xcconfig"; path = "Target Support Files/Pods-PenPals/Pods-PenPals.release.xcconfig"; sourceTree = "<group>"; };
		BD8735295FCB1374B225251E /* Pods-PenPals.debug.xcconfig */ = {isa = PBXFileReference; includeInIndex = 1; lastKnownFileType = text.xcconfig; name = "Pods-PenPals.debug.xcconfig"; path = "Target Support Files/Pods-PenPals/Pods-PenPals.debug.xcconfig"; sourceTree = "<group>"; };
		EC54522BD168A5A6AE1AE5D4 /* Pods_PenPals.framework */ = {isa = PBXFileReference; explicitFileType = wrapper.framework; includeInIndex = 0; path = Pods_PenPals.framework; sourceTree = BUILT_PRODUCTS_DIR; };
/* End PBXFileReference section */

/* Begin PBXFrameworksBuildPhase section */
		225D8D6423ED4494007E0273 /* Frameworks */ = {
			isa = PBXFrameworksBuildPhase;
			buildActionMask = 2147483647;
			files = (
				220FAABF24524965000C8D78 /* ImagePicker.framework in Frameworks */,
				7FD8D586BD220DC49719199C /* Pods_PenPals.framework in Frameworks */,
			);
			runOnlyForDeploymentPostprocessing = 0;
		};
/* End PBXFrameworksBuildPhase section */

/* Begin PBXGroup section */
		220B98C42433E86900E6BD3B /* Classes */ = {
			isa = PBXGroup;
			children = (
				221E066723ED4F61001A9F67 /* FUser.swift */,
				229C8657242B322400088609 /* Recent.swift */,
				22166D242431B707007BA45E /* OutgoingMessages.swift */,
				22166D262431DBA1007BA45E /* IncomingMessages.swift */,
				220E9DAD243EAE7A0085D25C /* Translation Classes */,
				220B98C52433E89400E6BD3B /* Camera.swift */,
				220B98C924340A5F00E6BD3B /* PhotoMediaItem.swift */,
				220B6664243446D200081647 /* VideoMessage.swift */,
			);
			path = Classes;
			sourceTree = "<group>";
		};
		220E9DAD243EAE7A0085D25C /* Translation Classes */ = {
			isa = PBXGroup;
			children = (
				220E9DAB243EAE6C0085D25C /* TranslationManager.swift */,
				220E9DAF243EAECD0085D25C /* TranslationApi.swift */,
			);
			path = "Translation Classes";
			sourceTree = "<group>";
		};
		220FAABB245234E8000C8D78 /* Settings Views */ = {
			isa = PBXGroup;
			children = (
				220CCD582450E4AD000A35AA /* BlockedUsersViewController.swift */,
				220CCD5E245101EB000A35AA /* T&CViewController.swift */,
				220CCD6024510452000A35AA /* EditProfileTableViewController.swift */,
			);
			path = "Settings Views";
			sourceTree = "<group>";
		};
		22133868240F366C0055D06E /* Custom Cells */ = {
			isa = PBXGroup;
			children = (
				220FDBC7242B023D00D5B33D /* ContactsTableViewCell.swift */,
				220AA6992435A65E00833D24 /* PicturesCollectionViewCell.swift */,
				220CCD5C2450F1BC000A35AA /* BackgroundCollectionViewCell.swift */,
				220AC337242C0574009FE461 /* RecentChatTableViewCell.swift */,
			);
			path = "Custom Cells";
			sourceTree = "<group>";
		};
		221E066F23ED54CF001A9F67 /* Helpers */ = {
			isa = PBXGroup;
			children = (
				221E066923ED4FAF001A9F67 /* Constants.swift */,
				220B98C72433EE4200E6BD3B /* Download.swift */,
				221E066B23ED5348001A9F67 /* CollectionReference.swift */,
				221E066D23ED5416001A9F67 /* HelperFunctions.swift */,
			);
			path = Helpers;
			sourceTree = "<group>";
		};
		225D8D5E23ED4494007E0273 = {
			isa = PBXGroup;
			children = (
				225D8D6923ED4494007E0273 /* PenPals */,
				225D8D6823ED4494007E0273 /* Products */,
				34FEDC85161EFA56244B90A2 /* Pods */,
				9EF17DDAE93D28143C7F266F /* Frameworks */,
			);
			sourceTree = "<group>";
		};
		225D8D6823ED4494007E0273 /* Products */ = {
			isa = PBXGroup;
			children = (
				225D8D6723ED4494007E0273 /* Slate.app */,
			);
			name = Products;
			sourceTree = "<group>";
		};
		225D8D6923ED4494007E0273 /* PenPals */ = {
			isa = PBXGroup;
			children = (
				225D8D6A23ED4494007E0273 /* AppDelegate.swift */,
				229C8654242B30C700088609 /* Welcome View */,
				229C8655242B30FB00088609 /* Main Views */,
				229C8656242B313500088609 /* Secondary Views */,
				22133868240F366C0055D06E /* Custom Cells */,
				220B98C42433E86900E6BD3B /* Classes */,
				221E066F23ED54CF001A9F67 /* Helpers */,
				225D8D6C23ED4494007E0273 /* SceneDelegate.swift */,
				225D8D7023ED4494007E0273 /* Main.storyboard */,
				225D8D7323ED4495007E0273 /* Assets.xcassets */,
				225D8D7523ED4495007E0273 /* LaunchScreen.storyboard */,
				225D8D7823ED4495007E0273 /* Info.plist */,
				225FEA1324D09F90004C9DC5 /* GoogleService-Info.plist */,
				2265A1932504B90C00E38714 /* Localizable.strings */,
			);
			path = PenPals;
			sourceTree = "<group>";
		};
		229C8654242B30C700088609 /* Welcome View */ = {
			isa = PBXGroup;
			children = (
				225D8D7E23ED4584007E0273 /* WelcomeViewController.swift */,
				220908692453C0F200FD504A /* StartScreenViewController.swift */,
				221E067023ED5A97001A9F67 /* RegisterViewController.swift */,
			);
			path = "Welcome View";
			sourceTree = "<group>";
		};
		229C8655242B30FB00088609 /* Main Views */ = {
			isa = PBXGroup;
			children = (
				220CCD562450C399000A35AA /* SetTableViewController.swift */,
				220FAABC24523515000C8D78 /* ContactsTableViewController.swift */,
				227B4C762412320500A0C235 /* ChatsViewController.swift */,
			);
			path = "Main Views";
			sourceTree = "<group>";
		};
		229C8656242B313500088609 /* Secondary Views */ = {
			isa = PBXGroup;
			children = (
				220DB7D8242DAE7C006FBAD1 /* MessageViewController.swift */,
				229C8652242B0A8000088609 /* UsersTableViewController.swift */,
				224E855C2427007C001FF692 /* ProfileViewTableViewController.swift */,
				220AA6972435A60900833D24 /* PicturesCollectionViewController.swift */,
				220FAABB245234E8000C8D78 /* Settings Views */,
			);
			path = "Secondary Views";
			sourceTree = "<group>";
		};
		34FEDC85161EFA56244B90A2 /* Pods */ = {
			isa = PBXGroup;
			children = (
				BD8735295FCB1374B225251E /* Pods-PenPals.debug.xcconfig */,
				A5842AB9FD6BB234419926F5 /* Pods-PenPals.release.xcconfig */,
			);
			path = Pods;
			sourceTree = "<group>";
		};
		9EF17DDAE93D28143C7F266F /* Frameworks */ = {
			isa = PBXGroup;
			children = (
				220FAABE24524965000C8D78 /* ImagePicker.framework */,
				EC54522BD168A5A6AE1AE5D4 /* Pods_PenPals.framework */,
			);
			name = Frameworks;
			sourceTree = "<group>";
		};
/* End PBXGroup section */

/* Begin PBXNativeTarget section */
		225D8D6623ED4494007E0273 /* PenPals */ = {
			isa = PBXNativeTarget;
			buildConfigurationList = 225D8D7B23ED4495007E0273 /* Build configuration list for PBXNativeTarget "PenPals" */;
			buildPhases = (
				EA49D88EABF6BABE3907E04F /* [CP] Check Pods Manifest.lock */,
				225D8D6323ED4494007E0273 /* Sources */,
				225D8D6423ED4494007E0273 /* Frameworks */,
				225D8D6523ED4494007E0273 /* Resources */,
				3A6E0F17CCFFC60B5F8C2F78 /* [CP] Embed Pods Frameworks */,
				A795BFDC361D8A26B1A8E2EE /* [CP] Copy Pods Resources */,
			);
			buildRules = (
			);
			dependencies = (
			);
			name = PenPals;
			productName = PenPals;
			productReference = 225D8D6723ED4494007E0273 /* Slate.app */;
			productType = "com.apple.product-type.application";
		};
/* End PBXNativeTarget section */

/* Begin PBXProject section */
		225D8D5F23ED4494007E0273 /* Project object */ = {
			isa = PBXProject;
			attributes = {
				LastSwiftUpdateCheck = 1130;
				LastUpgradeCheck = 1130;
				ORGANIZATIONNAME = SeniorProject;
				TargetAttributes = {
					225D8D6623ED4494007E0273 = {
						CreatedOnToolsVersion = 11.3.1;
					};
				};
			};
			buildConfigurationList = 225D8D6223ED4494007E0273 /* Build configuration list for PBXProject "PenPals" */;
			compatibilityVersion = "Xcode 9.3";
			developmentRegion = en;
			hasScannedForEncodings = 0;
			knownRegions = (
				en,
				Base,
				es,
			);
			mainGroup = 225D8D5E23ED4494007E0273;
			productRefGroup = 225D8D6823ED4494007E0273 /* Products */;
			projectDirPath = "";
			projectRoot = "";
			targets = (
				225D8D6623ED4494007E0273 /* PenPals */,
			);
		};
/* End PBXProject section */

/* Begin PBXResourcesBuildPhase section */
		225D8D6523ED4494007E0273 /* Resources */ = {
			isa = PBXResourcesBuildPhase;
			buildActionMask = 2147483647;
			files = (
				2265A1912504B90C00E38714 /* Localizable.strings in Resources */,
				225D8D7723ED4495007E0273 /* LaunchScreen.storyboard in Resources */,
				225FEA1424D09F90004C9DC5 /* GoogleService-Info.plist in Resources */,
				225D8D7423ED4495007E0273 /* Assets.xcassets in Resources */,
				225D8D7223ED4494007E0273 /* Main.storyboard in Resources */,
			);
			runOnlyForDeploymentPostprocessing = 0;
		};
/* End PBXResourcesBuildPhase section */

/* Begin PBXShellScriptBuildPhase section */
		3A6E0F17CCFFC60B5F8C2F78 /* [CP] Embed Pods Frameworks */ = {
			isa = PBXShellScriptBuildPhase;
			buildActionMask = 2147483647;
			files = (
			);
			inputFileListPaths = (
				"${PODS_ROOT}/Target Support Files/Pods-PenPals/Pods-PenPals-frameworks-${CONFIGURATION}-input-files.xcfilelist",
			);
			name = "[CP] Embed Pods Frameworks";
			outputFileListPaths = (
				"${PODS_ROOT}/Target Support Files/Pods-PenPals/Pods-PenPals-frameworks-${CONFIGURATION}-output-files.xcfilelist",
			);
			runOnlyForDeploymentPostprocessing = 0;
			shellPath = /bin/sh;
			shellScript = "\"${PODS_ROOT}/Target Support Files/Pods-PenPals/Pods-PenPals-frameworks.sh\"\n";
			showEnvVarsInLog = 0;
		};
		A795BFDC361D8A26B1A8E2EE /* [CP] Copy Pods Resources */ = {
			isa = PBXShellScriptBuildPhase;
			buildActionMask = 2147483647;
			files = (
			);
			inputFileListPaths = (
				"${PODS_ROOT}/Target Support Files/Pods-PenPals/Pods-PenPals-resources-${CONFIGURATION}-input-files.xcfilelist",
			);
			name = "[CP] Copy Pods Resources";
			outputFileListPaths = (
				"${PODS_ROOT}/Target Support Files/Pods-PenPals/Pods-PenPals-resources-${CONFIGURATION}-output-files.xcfilelist",
			);
			runOnlyForDeploymentPostprocessing = 0;
			shellPath = /bin/sh;
			shellScript = "\"${PODS_ROOT}/Target Support Files/Pods-PenPals/Pods-PenPals-resources.sh\"\n";
			showEnvVarsInLog = 0;
		};
		EA49D88EABF6BABE3907E04F /* [CP] Check Pods Manifest.lock */ = {
			isa = PBXShellScriptBuildPhase;
			buildActionMask = 2147483647;
			files = (
			);
			inputFileListPaths = (
			);
			inputPaths = (
				"${PODS_PODFILE_DIR_PATH}/Podfile.lock",
				"${PODS_ROOT}/Manifest.lock",
			);
			name = "[CP] Check Pods Manifest.lock";
			outputFileListPaths = (
			);
			outputPaths = (
				"$(DERIVED_FILE_DIR)/Pods-PenPals-checkManifestLockResult.txt",
			);
			runOnlyForDeploymentPostprocessing = 0;
			shellPath = /bin/sh;
			shellScript = "diff \"${PODS_PODFILE_DIR_PATH}/Podfile.lock\" \"${PODS_ROOT}/Manifest.lock\" > /dev/null\nif [ $? != 0 ] ; then\n    # print error to STDERR\n    echo \"error: The sandbox is not in sync with the Podfile.lock. Run 'pod install' or update your CocoaPods installation.\" >&2\n    exit 1\nfi\n# This output is used by Xcode 'outputs' to avoid re-running this script phase.\necho \"SUCCESS\" > \"${SCRIPT_OUTPUT_FILE_0}\"\n";
			showEnvVarsInLog = 0;
		};
/* End PBXShellScriptBuildPhase section */

/* Begin PBXSourcesBuildPhase section */
		225D8D6323ED4494007E0273 /* Sources */ = {
			isa = PBXSourcesBuildPhase;
			buildActionMask = 2147483647;
			files = (
				220CCD5D2450F1BC000A35AA /* BackgroundCollectionViewCell.swift in Sources */,
				2209086A2453C0F200FD504A /* StartScreenViewController.swift in Sources */,
				220FDBC8242B023D00D5B33D /* ContactsTableViewCell.swift in Sources */,
				221E066E23ED5416001A9F67 /* HelperFunctions.swift in Sources */,
				220E9DAC243EAE6C0085D25C /* TranslationManager.swift in Sources */,
				220AA69A2435A65E00833D24 /* PicturesCollectionViewCell.swift in Sources */,
				221E066A23ED4FAF001A9F67 /* Constants.swift in Sources */,
				225D8D7F23ED4584007E0273 /* WelcomeViewController.swift in Sources */,
				220CCD5F245101EB000A35AA /* T&CViewController.swift in Sources */,
				221E067123ED5A97001A9F67 /* RegisterViewController.swift in Sources */,
				22166D252431B707007BA45E /* OutgoingMessages.swift in Sources */,
				220AC338242C0574009FE461 /* RecentChatTableViewCell.swift in Sources */,
				229C8653242B0A8000088609 /* UsersTableViewController.swift in Sources */,
				220CCD6124510452000A35AA /* EditProfileTableViewController.swift in Sources */,
				225D8D6B23ED4494007E0273 /* AppDelegate.swift in Sources */,
				220B98C82433EE4200E6BD3B /* Download.swift in Sources */,
				225D8D6D23ED4494007E0273 /* SceneDelegate.swift in Sources */,
				220B98CA24340A5F00E6BD3B /* PhotoMediaItem.swift in Sources */,
				220DB7D9242DAE7C006FBAD1 /* MessageViewController.swift in Sources */,
				220B98C62433E89400E6BD3B /* Camera.swift in Sources */,
				221E066823ED4F61001A9F67 /* FUser.swift in Sources */,
				220AA6982435A60900833D24 /* PicturesCollectionViewController.swift in Sources */,
				229C8658242B322400088609 /* Recent.swift in Sources */,
				220CCD572450C399000A35AA /* SetTableViewController.swift in Sources */,
				220E9DB0243EAECD0085D25C /* TranslationApi.swift in Sources */,
				220FAABD24523515000C8D78 /* ContactsTableViewController.swift in Sources */,
				227B4C772412320500A0C235 /* ChatsViewController.swift in Sources */,
				224E855D2427007C001FF692 /* ProfileViewTableViewController.swift in Sources */,
				220CCD592450E4AD000A35AA /* BlockedUsersViewController.swift in Sources */,
				221E066C23ED5349001A9F67 /* CollectionReference.swift in Sources */,
				22166D272431DBA1007BA45E /* IncomingMessages.swift in Sources */,
				220B6665243446D200081647 /* VideoMessage.swift in Sources */,
			);
			runOnlyForDeploymentPostprocessing = 0;
		};
/* End PBXSourcesBuildPhase section */

/* Begin PBXVariantGroup section */
		225D8D7023ED4494007E0273 /* Main.storyboard */ = {
			isa = PBXVariantGroup;
			children = (
				225D8D7123ED4494007E0273 /* Base */,
				2265A1882504B47A00E38714 /* es */,
			);
			name = Main.storyboard;
			sourceTree = "<group>";
		};
		225D8D7523ED4495007E0273 /* LaunchScreen.storyboard */ = {
			isa = PBXVariantGroup;
			children = (
				225D8D7623ED4495007E0273 /* Base */,
				2265A1892504B47B00E38714 /* es */,
			);
			name = LaunchScreen.storyboard;
			sourceTree = "<group>";
		};
		2265A1932504B90C00E38714 /* Localizable.strings */ = {
			isa = PBXVariantGroup;
			children = (
				2265A1922504B90C00E38714 /* es */,
				2265A1942504B92900E38714 /* en */,
			);
			name = Localizable.strings;
			sourceTree = "<group>";
		};
/* End PBXVariantGroup section */

/* Begin XCBuildConfiguration section */
		225D8D7923ED4495007E0273 /* Debug */ = {
			isa = XCBuildConfiguration;
			buildSettings = {
				ALWAYS_SEARCH_USER_PATHS = NO;
				CLANG_ANALYZER_LOCALIZABILITY_NONLOCALIZED = YES;
				CLANG_ANALYZER_NONNULL = YES;
				CLANG_ANALYZER_NUMBER_OBJECT_CONVERSION = YES_AGGRESSIVE;
				CLANG_CXX_LANGUAGE_STANDARD = "gnu++14";
				CLANG_CXX_LIBRARY = "libc++";
				CLANG_ENABLE_MODULES = YES;
				CLANG_ENABLE_OBJC_ARC = YES;
				CLANG_ENABLE_OBJC_WEAK = YES;
				CLANG_WARN_BLOCK_CAPTURE_AUTORELEASING = YES;
				CLANG_WARN_BOOL_CONVERSION = YES;
				CLANG_WARN_COMMA = YES;
				CLANG_WARN_CONSTANT_CONVERSION = YES;
				CLANG_WARN_DEPRECATED_OBJC_IMPLEMENTATIONS = YES;
				CLANG_WARN_DIRECT_OBJC_ISA_USAGE = YES_ERROR;
				CLANG_WARN_DOCUMENTATION_COMMENTS = YES;
				CLANG_WARN_EMPTY_BODY = YES;
				CLANG_WARN_ENUM_CONVERSION = YES;
				CLANG_WARN_INFINITE_RECURSION = YES;
				CLANG_WARN_INT_CONVERSION = YES;
				CLANG_WARN_NON_LITERAL_NULL_CONVERSION = YES;
				CLANG_WARN_OBJC_IMPLICIT_RETAIN_SELF = YES;
				CLANG_WARN_OBJC_LITERAL_CONVERSION = YES;
				CLANG_WARN_OBJC_ROOT_CLASS = YES_ERROR;
				CLANG_WARN_RANGE_LOOP_ANALYSIS = YES;
				CLANG_WARN_STRICT_PROTOTYPES = YES;
				CLANG_WARN_SUSPICIOUS_MOVE = YES;
				CLANG_WARN_UNGUARDED_AVAILABILITY = YES_AGGRESSIVE;
				CLANG_WARN_UNREACHABLE_CODE = YES;
				CLANG_WARN__DUPLICATE_METHOD_MATCH = YES;
				COPY_PHASE_STRIP = NO;
				DEBUG_INFORMATION_FORMAT = dwarf;
				ENABLE_STRICT_OBJC_MSGSEND = YES;
				ENABLE_TESTABILITY = YES;
				GCC_C_LANGUAGE_STANDARD = gnu11;
				GCC_DYNAMIC_NO_PIC = NO;
				GCC_NO_COMMON_BLOCKS = YES;
				GCC_OPTIMIZATION_LEVEL = 0;
				GCC_PREPROCESSOR_DEFINITIONS = (
					"DEBUG=1",
					"$(inherited)",
				);
				GCC_WARN_64_TO_32_BIT_CONVERSION = YES;
				GCC_WARN_ABOUT_RETURN_TYPE = YES_ERROR;
				GCC_WARN_UNDECLARED_SELECTOR = YES;
				GCC_WARN_UNINITIALIZED_AUTOS = YES_AGGRESSIVE;
				GCC_WARN_UNUSED_FUNCTION = YES;
				GCC_WARN_UNUSED_VARIABLE = YES;
				IPHONEOS_DEPLOYMENT_TARGET = 13.2;
				MTL_ENABLE_DEBUG_INFO = INCLUDE_SOURCE;
				MTL_FAST_MATH = YES;
				ONLY_ACTIVE_ARCH = YES;
				SDKROOT = iphoneos;
				SWIFT_ACTIVE_COMPILATION_CONDITIONS = DEBUG;
				SWIFT_OPTIMIZATION_LEVEL = "-Onone";
			};
			name = Debug;
		};
		225D8D7A23ED4495007E0273 /* Release */ = {
			isa = XCBuildConfiguration;
			buildSettings = {
				ALWAYS_SEARCH_USER_PATHS = NO;
				CLANG_ANALYZER_LOCALIZABILITY_NONLOCALIZED = YES;
				CLANG_ANALYZER_NONNULL = YES;
				CLANG_ANALYZER_NUMBER_OBJECT_CONVERSION = YES_AGGRESSIVE;
				CLANG_CXX_LANGUAGE_STANDARD = "gnu++14";
				CLANG_CXX_LIBRARY = "libc++";
				CLANG_ENABLE_MODULES = YES;
				CLANG_ENABLE_OBJC_ARC = YES;
				CLANG_ENABLE_OBJC_WEAK = YES;
				CLANG_WARN_BLOCK_CAPTURE_AUTORELEASING = YES;
				CLANG_WARN_BOOL_CONVERSION = YES;
				CLANG_WARN_COMMA = YES;
				CLANG_WARN_CONSTANT_CONVERSION = YES;
				CLANG_WARN_DEPRECATED_OBJC_IMPLEMENTATIONS = YES;
				CLANG_WARN_DIRECT_OBJC_ISA_USAGE = YES_ERROR;
				CLANG_WARN_DOCUMENTATION_COMMENTS = YES;
				CLANG_WARN_EMPTY_BODY = YES;
				CLANG_WARN_ENUM_CONVERSION = YES;
				CLANG_WARN_INFINITE_RECURSION = YES;
				CLANG_WARN_INT_CONVERSION = YES;
				CLANG_WARN_NON_LITERAL_NULL_CONVERSION = YES;
				CLANG_WARN_OBJC_IMPLICIT_RETAIN_SELF = YES;
				CLANG_WARN_OBJC_LITERAL_CONVERSION = YES;
				CLANG_WARN_OBJC_ROOT_CLASS = YES_ERROR;
				CLANG_WARN_RANGE_LOOP_ANALYSIS = YES;
				CLANG_WARN_STRICT_PROTOTYPES = YES;
				CLANG_WARN_SUSPICIOUS_MOVE = YES;
				CLANG_WARN_UNGUARDED_AVAILABILITY = YES_AGGRESSIVE;
				CLANG_WARN_UNREACHABLE_CODE = YES;
				CLANG_WARN__DUPLICATE_METHOD_MATCH = YES;
				COPY_PHASE_STRIP = NO;
				DEBUG_INFORMATION_FORMAT = "dwarf-with-dsym";
				ENABLE_NS_ASSERTIONS = NO;
				ENABLE_STRICT_OBJC_MSGSEND = YES;
				GCC_C_LANGUAGE_STANDARD = gnu11;
				GCC_NO_COMMON_BLOCKS = YES;
				GCC_WARN_64_TO_32_BIT_CONVERSION = YES;
				GCC_WARN_ABOUT_RETURN_TYPE = YES_ERROR;
				GCC_WARN_UNDECLARED_SELECTOR = YES;
				GCC_WARN_UNINITIALIZED_AUTOS = YES_AGGRESSIVE;
				GCC_WARN_UNUSED_FUNCTION = YES;
				GCC_WARN_UNUSED_VARIABLE = YES;
				IPHONEOS_DEPLOYMENT_TARGET = 13.2;
				MTL_ENABLE_DEBUG_INFO = NO;
				MTL_FAST_MATH = YES;
				SDKROOT = iphoneos;
				SWIFT_COMPILATION_MODE = wholemodule;
				SWIFT_OPTIMIZATION_LEVEL = "-O";
				VALIDATE_PRODUCT = YES;
			};
			name = Release;
		};
		225D8D7C23ED4495007E0273 /* Debug */ = {
			isa = XCBuildConfiguration;
			baseConfigurationReference = BD8735295FCB1374B225251E /* Pods-PenPals.debug.xcconfig */;
			buildSettings = {
				ASSETCATALOG_COMPILER_APPICON_NAME = AppIcon;
				CODE_SIGN_STYLE = Automatic;
				DEVELOPMENT_TEAM = RHJFMU3K87;
				INFOPLIST_FILE = PenPals/Info.plist;
				LD_RUNPATH_SEARCH_PATHS = (
					"$(inherited)",
					"@executable_path/Frameworks",
				);
				PRODUCT_BUNDLE_IDENTIFIER = CodeRed.Slate;
				PRODUCT_NAME = Slate;
				SWIFT_VERSION = 5.0;
				TARGETED_DEVICE_FAMILY = "1,2";
			};
			name = Debug;
		};
		225D8D7D23ED4495007E0273 /* Release */ = {
			isa = XCBuildConfiguration;
			baseConfigurationReference = A5842AB9FD6BB234419926F5 /* Pods-PenPals.release.xcconfig */;
			buildSettings = {
				ASSETCATALOG_COMPILER_APPICON_NAME = AppIcon;
				CODE_SIGN_STYLE = Automatic;
				DEVELOPMENT_TEAM = RHJFMU3K87;
				INFOPLIST_FILE = PenPals/Info.plist;
				LD_RUNPATH_SEARCH_PATHS = (
					"$(inherited)",
					"@executable_path/Frameworks",
				);
				PRODUCT_BUNDLE_IDENTIFIER = CodeRed.Slate;
				PRODUCT_NAME = Slate;
				SWIFT_VERSION = 5.0;
				TARGETED_DEVICE_FAMILY = "1,2";
			};
			name = Release;
		};
/* End XCBuildConfiguration section */

/* Begin XCConfigurationList section */
		225D8D6223ED4494007E0273 /* Build configuration list for PBXProject "PenPals" */ = {
			isa = XCConfigurationList;
			buildConfigurations = (
				225D8D7923ED4495007E0273 /* Debug */,
				225D8D7A23ED4495007E0273 /* Release */,
			);
			defaultConfigurationIsVisible = 0;
			defaultConfigurationName = Release;
		};
		225D8D7B23ED4495007E0273 /* Build configuration list for PBXNativeTarget "PenPals" */ = {
			isa = XCConfigurationList;
			buildConfigurations = (
				225D8D7C23ED4495007E0273 /* Debug */,
				225D8D7D23ED4495007E0273 /* Release */,
			);
			defaultConfigurationIsVisible = 0;
			defaultConfigurationName = Release;
		};
/* End XCConfigurationList section */
	};
	rootObject = 225D8D5F23ED4494007E0273 /* Project object */;
}
