// !$*UTF8*$!
{
	archiveVersion = 1;
	classes = {
	};
	objectVersion = 51;
	objects = {

/* Begin PBXBuildFile section */
		22133861240F15120055D06E /* SettingsTableViewController.swift in Sources */ = {isa = PBXBuildFile; fileRef = 22133860240F15120055D06E /* SettingsTableViewController.swift */; };
		22133863240F22880055D06E /* UserTableViewCell.swift in Sources */ = {isa = PBXBuildFile; fileRef = 22133862240F22880055D06E /* UserTableViewCell.swift */; };
		22133867240F24BF0055D06E /* UsersTableViewController.swift in Sources */ = {isa = PBXBuildFile; fileRef = 22133866240F24BF0055D06E /* UsersTableViewController.swift */; };
		221E066623ED4DEF001A9F67 /* GoogleService-Info.plist in Resources */ = {isa = PBXBuildFile; fileRef = 221E066523ED4DEF001A9F67 /* GoogleService-Info.plist */; };
		221E066823ED4F61001A9F67 /* FUser.swift in Sources */ = {isa = PBXBuildFile; fileRef = 221E066723ED4F61001A9F67 /* FUser.swift */; };
		221E066A23ED4FAF001A9F67 /* Constants.swift in Sources */ = {isa = PBXBuildFile; fileRef = 221E066923ED4FAF001A9F67 /* Constants.swift */; };
		221E066C23ED5349001A9F67 /* CollectionReference.swift in Sources */ = {isa = PBXBuildFile; fileRef = 221E066B23ED5348001A9F67 /* CollectionReference.swift */; };
		221E066E23ED5416001A9F67 /* HelperFunctions.swift in Sources */ = {isa = PBXBuildFile; fileRef = 221E066D23ED5416001A9F67 /* HelperFunctions.swift */; };
		221E067123ED5A97001A9F67 /* RegisterViewController.swift in Sources */ = {isa = PBXBuildFile; fileRef = 221E067023ED5A97001A9F67 /* RegisterViewController.swift */; };
		225D8D6B23ED4494007E0273 /* AppDelegate.swift in Sources */ = {isa = PBXBuildFile; fileRef = 225D8D6A23ED4494007E0273 /* AppDelegate.swift */; };
		225D8D6D23ED4494007E0273 /* SceneDelegate.swift in Sources */ = {isa = PBXBuildFile; fileRef = 225D8D6C23ED4494007E0273 /* SceneDelegate.swift */; };
		225D8D7223ED4494007E0273 /* Main.storyboard in Resources */ = {isa = PBXBuildFile; fileRef = 225D8D7023ED4494007E0273 /* Main.storyboard */; };
		225D8D7423ED4495007E0273 /* Assets.xcassets in Resources */ = {isa = PBXBuildFile; fileRef = 225D8D7323ED4495007E0273 /* Assets.xcassets */; };
		225D8D7723ED4495007E0273 /* LaunchScreen.storyboard in Resources */ = {isa = PBXBuildFile; fileRef = 225D8D7523ED4495007E0273 /* LaunchScreen.storyboard */; };
		225D8D7F23ED4584007E0273 /* WelcomeViewController.swift in Sources */ = {isa = PBXBuildFile; fileRef = 225D8D7E23ED4584007E0273 /* WelcomeViewController.swift */; };
		227B4C772412320500A0C235 /* ChatsViewController.swift in Sources */ = {isa = PBXBuildFile; fileRef = 227B4C762412320500A0C235 /* ChatsViewController.swift */; };
		7FD8D586BD220DC49719199C /* Pods_PenPals.framework in Frameworks */ = {isa = PBXBuildFile; fileRef = EC54522BD168A5A6AE1AE5D4 /* Pods_PenPals.framework */; };
/* End PBXBuildFile section */

/* Begin PBXFileReference section */
		22133860240F15120055D06E /* SettingsTableViewController.swift */ = {isa = PBXFileReference; lastKnownFileType = sourcecode.swift; path = SettingsTableViewController.swift; sourceTree = "<group>"; };
		22133862240F22880055D06E /* UserTableViewCell.swift */ = {isa = PBXFileReference; lastKnownFileType = sourcecode.swift; path = UserTableViewCell.swift; sourceTree = "<group>"; };
		22133866240F24BF0055D06E /* UsersTableViewController.swift */ = {isa = PBXFileReference; lastKnownFileType = sourcecode.swift; path = UsersTableViewController.swift; sourceTree = "<group>"; };
		221E066523ED4DEF001A9F67 /* GoogleService-Info.plist */ = {isa = PBXFileReference; fileEncoding = 4; lastKnownFileType = text.plist.xml; path = "GoogleService-Info.plist"; sourceTree = "<group>"; };
		221E066723ED4F61001A9F67 /* FUser.swift */ = {isa = PBXFileReference; lastKnownFileType = sourcecode.swift; path = FUser.swift; sourceTree = "<group>"; };
		221E066923ED4FAF001A9F67 /* Constants.swift */ = {isa = PBXFileReference; lastKnownFileType = sourcecode.swift; path = Constants.swift; sourceTree = "<group>"; };
		221E066B23ED5348001A9F67 /* CollectionReference.swift */ = {isa = PBXFileReference; lastKnownFileType = sourcecode.swift; path = CollectionReference.swift; sourceTree = "<group>"; };
		221E066D23ED5416001A9F67 /* HelperFunctions.swift */ = {isa = PBXFileReference; lastKnownFileType = sourcecode.swift; path = HelperFunctions.swift; sourceTree = "<group>"; };
		221E067023ED5A97001A9F67 /* RegisterViewController.swift */ = {isa = PBXFileReference; lastKnownFileType = sourcecode.swift; path = RegisterViewController.swift; sourceTree = "<group>"; };
		225D8D6723ED4494007E0273 /* PenPals.app */ = {isa = PBXFileReference; explicitFileType = wrapper.application; includeInIndex = 0; path = PenPals.app; sourceTree = BUILT_PRODUCTS_DIR; };
		225D8D6A23ED4494007E0273 /* AppDelegate.swift */ = {isa = PBXFileReference; lastKnownFileType = sourcecode.swift; path = AppDelegate.swift; sourceTree = "<group>"; };
		225D8D6C23ED4494007E0273 /* SceneDelegate.swift */ = {isa = PBXFileReference; lastKnownFileType = sourcecode.swift; path = SceneDelegate.swift; sourceTree = "<group>"; };
		225D8D7123ED4494007E0273 /* Base */ = {isa = PBXFileReference; lastKnownFileType = file.storyboard; name = Base; path = Base.lproj/Main.storyboard; sourceTree = "<group>"; };
		225D8D7323ED4495007E0273 /* Assets.xcassets */ = {isa = PBXFileReference; lastKnownFileType = folder.assetcatalog; path = Assets.xcassets; sourceTree = "<group>"; };
		225D8D7623ED4495007E0273 /* Base */ = {isa = PBXFileReference; lastKnownFileType = file.storyboard; name = Base; path = Base.lproj/LaunchScreen.storyboard; sourceTree = "<group>"; };
		225D8D7823ED4495007E0273 /* Info.plist */ = {isa = PBXFileReference; lastKnownFileType = text.plist.xml; path = Info.plist; sourceTree = "<group>"; };
		225D8D7E23ED4584007E0273 /* WelcomeViewController.swift */ = {isa = PBXFileReference; lastKnownFileType = sourcecode.swift; path = WelcomeViewController.swift; sourceTree = "<group>"; };
		227B4C762412320500A0C235 /* ChatsViewController.swift */ = {isa = PBXFileReference; lastKnownFileType = sourcecode.swift; path = ChatsViewController.swift; sourceTree = "<group>"; };
		A5842AB9FD6BB234419926F5 /* Pods-PenPals.release.xcconfig */ = {isa = PBXFileReference; includeInIndex = 1; lastKnownFileType = text.xcconfig; name = "Pods-PenPals.release.xcconfig"; path = "Target Support Files/Pods-PenPals/Pods-PenPals.release.xcconfig"; sourceTree = "<group>"; };
		BD8735295FCB1374B225251E /* Pods-PenPals.debug.xcconfig */ = {isa = PBXFileReference; includeInIndex = 1; lastKnownFileType = text.xcconfig; name = "Pods-PenPals.debug.xcconfig"; path = "Target Support Files/Pods-PenPals/Pods-PenPals.debug.xcconfig"; sourceTree = "<group>"; };
		EC54522BD168A5A6AE1AE5D4 /* Pods_PenPals.framework */ = {isa = PBXFileReference; explicitFileType = wrapper.framework; includeInIndex = 0; path = Pods_PenPals.framework; sourceTree = BUILT_PRODUCTS_DIR; };
/* End PBXFileReference section */

/* Begin PBXFrameworksBuildPhase section */
		225D8D6423ED4494007E0273 /* Frameworks */ = {
			isa = PBXFrameworksBuildPhase;
			buildActionMask = 2147483647;
			files = (
				7FD8D586BD220DC49719199C /* Pods_PenPals.framework in Frameworks */,
			);
			runOnlyForDeploymentPostprocessing = 0;
		};
/* End PBXFrameworksBuildPhase section */

/* Begin PBXGroup section */
		22133868240F366C0055D06E /* Custom Cells */ = {
			isa = PBXGroup;
			children = (
				22133862240F22880055D06E /* UserTableViewCell.swift */,
			);
			path = "Custom Cells";
			sourceTree = "<group>";
		};
		221E066F23ED54CF001A9F67 /* Database Files */ = {
			isa = PBXGroup;
			children = (
				221E066723ED4F61001A9F67 /* FUser.swift */,
				221E066923ED4FAF001A9F67 /* Constants.swift */,
				221E066B23ED5348001A9F67 /* CollectionReference.swift */,
				221E066D23ED5416001A9F67 /* HelperFunctions.swift */,
			);
			path = "Database Files";
			sourceTree = "<group>";
		};
		225D8D5E23ED4494007E0273 = {
			isa = PBXGroup;
			children = (
				225D8D6923ED4494007E0273 /* PenPals */,
				225D8D6823ED4494007E0273 /* Products */,
				34FEDC85161EFA56244B90A2 /* Pods */,
				9EF17DDAE93D28143C7F266F /* Frameworks */,
			);
			sourceTree = "<group>";
		};
		225D8D6823ED4494007E0273 /* Products */ = {
			isa = PBXGroup;
			children = (
				225D8D6723ED4494007E0273 /* PenPals.app */,
			);
			name = Products;
			sourceTree = "<group>";
		};
		225D8D6923ED4494007E0273 /* PenPals */ = {
			isa = PBXGroup;
			children = (
				225D8D6A23ED4494007E0273 /* AppDelegate.swift */,
				225D8D7E23ED4584007E0273 /* WelcomeViewController.swift */,
				221E067023ED5A97001A9F67 /* RegisterViewController.swift */,
				22133860240F15120055D06E /* SettingsTableViewController.swift */,
				22133866240F24BF0055D06E /* UsersTableViewController.swift */,
				227B4C762412320500A0C235 /* ChatsViewController.swift */,
				22133868240F366C0055D06E /* Custom Cells */,
				221E066F23ED54CF001A9F67 /* Database Files */,
				225D8D6C23ED4494007E0273 /* SceneDelegate.swift */,
				225D8D7023ED4494007E0273 /* Main.storyboard */,
				225D8D7323ED4495007E0273 /* Assets.xcassets */,
				225D8D7523ED4495007E0273 /* LaunchScreen.storyboard */,
				225D8D7823ED4495007E0273 /* Info.plist */,
				221E066523ED4DEF001A9F67 /* GoogleService-Info.plist */,
			);
			path = PenPals;
			sourceTree = "<group>";
		};
		34FEDC85161EFA56244B90A2 /* Pods */ = {
			isa = PBXGroup;
			children = (
				BD8735295FCB1374B225251E /* Pods-PenPals.debug.xcconfig */,
				A5842AB9FD6BB234419926F5 /* Pods-PenPals.release.xcconfig */,
			);
			path = Pods;
			sourceTree = "<group>";
		};
		9EF17DDAE93D28143C7F266F /* Frameworks */ = {
			isa = PBXGroup;
			children = (
				EC54522BD168A5A6AE1AE5D4 /* Pods_PenPals.framework */,
			);
			name = Frameworks;
			sourceTree = "<group>";
		};
/* End PBXGroup section */

/* Begin PBXNativeTarget section */
		225D8D6623ED4494007E0273 /* PenPals */ = {
			isa = PBXNativeTarget;
			buildConfigurationList = 225D8D7B23ED4495007E0273 /* Build configuration list for PBXNativeTarget "PenPals" */;
			buildPhases = (
				EA49D88EABF6BABE3907E04F /* [CP] Check Pods Manifest.lock */,
				225D8D6323ED4494007E0273 /* Sources */,
				225D8D6423ED4494007E0273 /* Frameworks */,
				225D8D6523ED4494007E0273 /* Resources */,
				3A6E0F17CCFFC60B5F8C2F78 /* [CP] Embed Pods Frameworks */,
			);
			buildRules = (
			);
			dependencies = (
			);
			name = PenPals;
			productName = PenPals;
			productReference = 225D8D6723ED4494007E0273 /* PenPals.app */;
			productType = "com.apple.product-type.application";
		};
/* End PBXNativeTarget section */

/* Begin PBXProject section */
		225D8D5F23ED4494007E0273 /* Project object */ = {
			isa = PBXProject;
			attributes = {
				LastSwiftUpdateCheck = 1130;
				LastUpgradeCheck = 1130;
				ORGANIZATIONNAME = SeniorProject;
				TargetAttributes = {
					225D8D6623ED4494007E0273 = {
						CreatedOnToolsVersion = 11.3.1;
					};
				};
			};
			buildConfigurationList = 225D8D6223ED4494007E0273 /* Build configuration list for PBXProject "PenPals" */;
			compatibilityVersion = "Xcode 9.3";
			developmentRegion = en;
			hasScannedForEncodings = 0;
			knownRegions = (
				en,
				Base,
			);
			mainGroup = 225D8D5E23ED4494007E0273;
			productRefGroup = 225D8D6823ED4494007E0273 /* Products */;
			projectDirPath = "";
			projectRoot = "";
			targets = (
				225D8D6623ED4494007E0273 /* PenPals */,
			);
		};
/* End PBXProject section */

/* Begin PBXResourcesBuildPhase section */
		225D8D6523ED4494007E0273 /* Resources */ = {
			isa = PBXResourcesBuildPhase;
			buildActionMask = 2147483647;
			files = (
				225D8D7723ED4495007E0273 /* LaunchScreen.storyboard in Resources */,
				221E066623ED4DEF001A9F67 /* GoogleService-Info.plist in Resources */,
				225D8D7423ED4495007E0273 /* Assets.xcassets in Resources */,
				225D8D7223ED4494007E0273 /* Main.storyboard in Resources */,
			);
			runOnlyForDeploymentPostprocessing = 0;
		};
/* End PBXResourcesBuildPhase section */

/* Begin PBXShellScriptBuildPhase section */
		3A6E0F17CCFFC60B5F8C2F78 /* [CP] Embed Pods Frameworks */ = {
			isa = PBXShellScriptBuildPhase;
			buildActionMask = 2147483647;
			files = (
			);
			inputFileListPaths = (
				"${PODS_ROOT}/Target Support Files/Pods-PenPals/Pods-PenPals-frameworks-${CONFIGURATION}-input-files.xcfilelist",
			);
			name = "[CP] Embed Pods Frameworks";
			outputFileListPaths = (
				"${PODS_ROOT}/Target Support Files/Pods-PenPals/Pods-PenPals-frameworks-${CONFIGURATION}-output-files.xcfilelist",
			);
			runOnlyForDeploymentPostprocessing = 0;
			shellPath = /bin/sh;
			shellScript = "\"${PODS_ROOT}/Target Support Files/Pods-PenPals/Pods-PenPals-frameworks.sh\"\n";
			showEnvVarsInLog = 0;
		};
		EA49D88EABF6BABE3907E04F /* [CP] Check Pods Manifest.lock */ = {
			isa = PBXShellScriptBuildPhase;
			buildActionMask = 2147483647;
			files = (
			);
			inputFileListPaths = (
			);
			inputPaths = (
				"${PODS_PODFILE_DIR_PATH}/Podfile.lock",
				"${PODS_ROOT}/Manifest.lock",
			);
			name = "[CP] Check Pods Manifest.lock";
			outputFileListPaths = (
			);
			outputPaths = (
				"$(DERIVED_FILE_DIR)/Pods-PenPals-checkManifestLockResult.txt",
			);
			runOnlyForDeploymentPostprocessing = 0;
			shellPath = /bin/sh;
			shellScript = "diff \"${PODS_PODFILE_DIR_PATH}/Podfile.lock\" \"${PODS_ROOT}/Manifest.lock\" > /dev/null\nif [ $? != 0 ] ; then\n    # print error to STDERR\n    echo \"error: The sandbox is not in sync with the Podfile.lock. Run 'pod install' or update your CocoaPods installation.\" >&2\n    exit 1\nfi\n# This output is used by Xcode 'outputs' to avoid re-running this script phase.\necho \"SUCCESS\" > \"${SCRIPT_OUTPUT_FILE_0}\"\n";
			showEnvVarsInLog = 0;
		};
/* End PBXShellScriptBuildPhase section */

/* Begin PBXSourcesBuildPhase section */
		225D8D6323ED4494007E0273 /* Sources */ = {
			isa = PBXSourcesBuildPhase;
			buildActionMask = 2147483647;
			files = (
				221E066E23ED5416001A9F67 /* HelperFunctions.swift in Sources */,
				221E066A23ED4FAF001A9F67 /* Constants.swift in Sources */,
				22133867240F24BF0055D06E /* UsersTableViewController.swift in Sources */,
				22133863240F22880055D06E /* UserTableViewCell.swift in Sources */,
				225D8D7F23ED4584007E0273 /* WelcomeViewController.swift in Sources */,
				221E067123ED5A97001A9F67 /* RegisterViewController.swift in Sources */,
				225D8D6B23ED4494007E0273 /* AppDelegate.swift in Sources */,
				225D8D6D23ED4494007E0273 /* SceneDelegate.swift in Sources */,
				22133861240F15120055D06E /* SettingsTableViewController.swift in Sources */,
				221E066823ED4F61001A9F67 /* FUser.swift in Sources */,
				227B4C772412320500A0C235 /* ChatsViewController.swift in Sources */,
				221E066C23ED5349001A9F67 /* CollectionReference.swift in Sources */,
			);
			runOnlyForDeploymentPostprocessing = 0;
		};
/* End PBXSourcesBuildPhase section */

/* Begin PBXVariantGroup section */
		225D8D7023ED4494007E0273 /* Main.storyboard */ = {
			isa = PBXVariantGroup;
			children = (
				225D8D7123ED4494007E0273 /* Base */,
			);
			name = Main.storyboard;
			sourceTree = "<group>";
		};
		225D8D7523ED4495007E0273 /* LaunchScreen.storyboard */ = {
			isa = PBXVariantGroup;
			children = (
				225D8D7623ED4495007E0273 /* Base */,
			);
			name = LaunchScreen.storyboard;
			sourceTree = "<group>";
		};
/* End PBXVariantGroup section */

/* Begin XCBuildConfiguration section */
		225D8D7923ED4495007E0273 /* Debug */ = {
			isa = XCBuildConfiguration;
			buildSettings = {
				ALWAYS_SEARCH_USER_PATHS = NO;
				CLANG_ANALYZER_NONNULL = YES;
				CLANG_ANALYZER_NUMBER_OBJECT_CONVERSION = YES_AGGRESSIVE;
				CLANG_CXX_LANGUAGE_STANDARD = "gnu++14";
				CLANG_CXX_LIBRARY = "libc++";
				CLANG_ENABLE_MODULES = YES;
				CLANG_ENABLE_OBJC_ARC = YES;
				CLANG_ENABLE_OBJC_WEAK = YES;
				CLANG_WARN_BLOCK_CAPTURE_AUTORELEASING = YES;
				CLANG_WARN_BOOL_CONVERSION = YES;
				CLANG_WARN_COMMA = YES;
				CLANG_WARN_CONSTANT_CONVERSION = YES;
				CLANG_WARN_DEPRECATED_OBJC_IMPLEMENTATIONS = YES;
				CLANG_WARN_DIRECT_OBJC_ISA_USAGE = YES_ERROR;
				CLANG_WARN_DOCUMENTATION_COMMENTS = YES;
				CLANG_WARN_EMPTY_BODY = YES;
				CLANG_WARN_ENUM_CONVERSION = YES;
				CLANG_WARN_INFINITE_RECURSION = YES;
				CLANG_WARN_INT_CONVERSION = YES;
				CLANG_WARN_NON_LITERAL_NULL_CONVERSION = YES;
				CLANG_WARN_OBJC_IMPLICIT_RETAIN_SELF = YES;
				CLANG_WARN_OBJC_LITERAL_CONVERSION = YES;
				CLANG_WARN_OBJC_ROOT_CLASS = YES_ERROR;
				CLANG_WARN_RANGE_LOOP_ANALYSIS = YES;
				CLANG_WARN_STRICT_PROTOTYPES = YES;
				CLANG_WARN_SUSPICIOUS_MOVE = YES;
				CLANG_WARN_UNGUARDED_AVAILABILITY = YES_AGGRESSIVE;
				CLANG_WARN_UNREACHABLE_CODE = YES;
				CLANG_WARN__DUPLICATE_METHOD_MATCH = YES;
				COPY_PHASE_STRIP = NO;
				DEBUG_INFORMATION_FORMAT = dwarf;
				ENABLE_STRICT_OBJC_MSGSEND = YES;
				ENABLE_TESTABILITY = YES;
				GCC_C_LANGUAGE_STANDARD = gnu11;
				GCC_DYNAMIC_NO_PIC = NO;
				GCC_NO_COMMON_BLOCKS = YES;
				GCC_OPTIMIZATION_LEVEL = 0;
				GCC_PREPROCESSOR_DEFINITIONS = (
					"DEBUG=1",
					"$(inherited)",
				);
				GCC_WARN_64_TO_32_BIT_CONVERSION = YES;
				GCC_WARN_ABOUT_RETURN_TYPE = YES_ERROR;
				GCC_WARN_UNDECLARED_SELECTOR = YES;
				GCC_WARN_UNINITIALIZED_AUTOS = YES_AGGRESSIVE;
				GCC_WARN_UNUSED_FUNCTION = YES;
				GCC_WARN_UNUSED_VARIABLE = YES;
				IPHONEOS_DEPLOYMENT_TARGET = 13.2;
				MTL_ENABLE_DEBUG_INFO = INCLUDE_SOURCE;
				MTL_FAST_MATH = YES;
				ONLY_ACTIVE_ARCH = YES;
				SDKROOT = iphoneos;
				SWIFT_ACTIVE_COMPILATION_CONDITIONS = DEBUG;
				SWIFT_OPTIMIZATION_LEVEL = "-Onone";
			};
			name = Debug;
		};
		225D8D7A23ED4495007E0273 /* Release */ = {
			isa = XCBuildConfiguration;
			buildSettings = {
				ALWAYS_SEARCH_USER_PATHS = NO;
				CLANG_ANALYZER_NONNULL = YES;
				CLANG_ANALYZER_NUMBER_OBJECT_CONVERSION = YES_AGGRESSIVE;
				CLANG_CXX_LANGUAGE_STANDARD = "gnu++14";
				CLANG_CXX_LIBRARY = "libc++";
				CLANG_ENABLE_MODULES = YES;
				CLANG_ENABLE_OBJC_ARC = YES;
				CLANG_ENABLE_OBJC_WEAK = YES;
				CLANG_WARN_BLOCK_CAPTURE_AUTORELEASING = YES;
				CLANG_WARN_BOOL_CONVERSION = YES;
				CLANG_WARN_COMMA = YES;
				CLANG_WARN_CONSTANT_CONVERSION = YES;
				CLANG_WARN_DEPRECATED_OBJC_IMPLEMENTATIONS = YES;
				CLANG_WARN_DIRECT_OBJC_ISA_USAGE = YES_ERROR;
				CLANG_WARN_DOCUMENTATION_COMMENTS = YES;
				CLANG_WARN_EMPTY_BODY = YES;
				CLANG_WARN_ENUM_CONVERSION = YES;
				CLANG_WARN_INFINITE_RECURSION = YES;
				CLANG_WARN_INT_CONVERSION = YES;
				CLANG_WARN_NON_LITERAL_NULL_CONVERSION = YES;
				CLANG_WARN_OBJC_IMPLICIT_RETAIN_SELF = YES;
				CLANG_WARN_OBJC_LITERAL_CONVERSION = YES;
				CLANG_WARN_OBJC_ROOT_CLASS = YES_ERROR;
				CLANG_WARN_RANGE_LOOP_ANALYSIS = YES;
				CLANG_WARN_STRICT_PROTOTYPES = YES;
				CLANG_WARN_SUSPICIOUS_MOVE = YES;
				CLANG_WARN_UNGUARDED_AVAILABILITY = YES_AGGRESSIVE;
				CLANG_WARN_UNREACHABLE_CODE = YES;
				CLANG_WARN__DUPLICATE_METHOD_MATCH = YES;
				COPY_PHASE_STRIP = NO;
				DEBUG_INFORMATION_FORMAT = "dwarf-with-dsym";
				ENABLE_NS_ASSERTIONS = NO;
				ENABLE_STRICT_OBJC_MSGSEND = YES;
				GCC_C_LANGUAGE_STANDARD = gnu11;
				GCC_NO_COMMON_BLOCKS = YES;
				GCC_WARN_64_TO_32_BIT_CONVERSION = YES;
				GCC_WARN_ABOUT_RETURN_TYPE = YES_ERROR;
				GCC_WARN_UNDECLARED_SELECTOR = YES;
				GCC_WARN_UNINITIALIZED_AUTOS = YES_AGGRESSIVE;
				GCC_WARN_UNUSED_FUNCTION = YES;
				GCC_WARN_UNUSED_VARIABLE = YES;
				IPHONEOS_DEPLOYMENT_TARGET = 13.2;
				MTL_ENABLE_DEBUG_INFO = NO;
				MTL_FAST_MATH = YES;
				SDKROOT = iphoneos;
				SWIFT_COMPILATION_MODE = wholemodule;
				SWIFT_OPTIMIZATION_LEVEL = "-O";
				VALIDATE_PRODUCT = YES;
			};
			name = Release;
		};
		225D8D7C23ED4495007E0273 /* Debug */ = {
			isa = XCBuildConfiguration;
			baseConfigurationReference = BD8735295FCB1374B225251E /* Pods-PenPals.debug.xcconfig */;
			buildSettings = {
				ASSETCATALOG_COMPILER_APPICON_NAME = AppIcon;
				CODE_SIGN_STYLE = Automatic;
				DEVELOPMENT_TEAM = RHJFMU3K87;
				INFOPLIST_FILE = PenPals/Info.plist;
				LD_RUNPATH_SEARCH_PATHS = (
					"$(inherited)",
					"@executable_path/Frameworks",
				);
				PRODUCT_BUNDLE_IDENTIFIER = SeniorProject.PenPals;
				PRODUCT_NAME = "$(TARGET_NAME)";
				SWIFT_VERSION = 5.0;
				TARGETED_DEVICE_FAMILY = "1,2";
			};
			name = Debug;
		};
		225D8D7D23ED4495007E0273 /* Release */ = {
			isa = XCBuildConfiguration;
			baseConfigurationReference = A5842AB9FD6BB234419926F5 /* Pods-PenPals.release.xcconfig */;
			buildSettings = {
				ASSETCATALOG_COMPILER_APPICON_NAME = AppIcon;
				CODE_SIGN_STYLE = Automatic;
				DEVELOPMENT_TEAM = RHJFMU3K87;
				INFOPLIST_FILE = PenPals/Info.plist;
				LD_RUNPATH_SEARCH_PATHS = (
					"$(inherited)",
					"@executable_path/Frameworks",
				);
				PRODUCT_BUNDLE_IDENTIFIER = SeniorProject.PenPals;
				PRODUCT_NAME = "$(TARGET_NAME)";
				SWIFT_VERSION = 5.0;
				TARGETED_DEVICE_FAMILY = "1,2";
			};
			name = Release;
		};
/* End XCBuildConfiguration section */

/* Begin XCConfigurationList section */
		225D8D6223ED4494007E0273 /* Build configuration list for PBXProject "PenPals" */ = {
			isa = XCConfigurationList;
			buildConfigurations = (
				225D8D7923ED4495007E0273 /* Debug */,
				225D8D7A23ED4495007E0273 /* Release */,
			);
			defaultConfigurationIsVisible = 0;
			defaultConfigurationName = Release;
		};
		225D8D7B23ED4495007E0273 /* Build configuration list for PBXNativeTarget "PenPals" */ = {
			isa = XCConfigurationList;
			buildConfigurations = (
				225D8D7C23ED4495007E0273 /* Debug */,
				225D8D7D23ED4495007E0273 /* Release */,
			);
			defaultConfigurationIsVisible = 0;
			defaultConfigurationName = Release;
		};
/* End XCConfigurationList section */
	};
	rootObject = 225D8D5F23ED4494007E0273 /* Project object */;
}
